// !$*UTF8*$!
{
	archiveVersion = 1;
	classes = {
	};
	objectVersion = 51;
	objects = {

/* Begin PBXBuildFile section */
		881EE10825524B820026F32D /* AppDelegate.swift in Sources */ = {isa = PBXBuildFile; fileRef = 881EE10725524B820026F32D /* AppDelegate.swift */; };
		881EE10C25524B820026F32D /* ViewController.swift in Sources */ = {isa = PBXBuildFile; fileRef = 881EE10B25524B820026F32D /* ViewController.swift */; };
		881EE10F25524B820026F32D /* Main.storyboard in Resources */ = {isa = PBXBuildFile; fileRef = 881EE10D25524B820026F32D /* Main.storyboard */; };
		881EE11125524B840026F32D /* Assets.xcassets in Resources */ = {isa = PBXBuildFile; fileRef = 881EE11025524B840026F32D /* Assets.xcassets */; };
		881EE11425524B840026F32D /* LaunchScreen.storyboard in Resources */ = {isa = PBXBuildFile; fileRef = 881EE11225524B840026F32D /* LaunchScreen.storyboard */; };
		881EE11F25524B850026F32D /* FilterTestDemoTests.swift in Sources */ = {isa = PBXBuildFile; fileRef = 881EE11E25524B850026F32D /* FilterTestDemoTests.swift */; };
		881EE12A25524B850026F32D /* FilterTestDemoUITests.swift in Sources */ = {isa = PBXBuildFile; fileRef = 881EE12925524B850026F32D /* FilterTestDemoUITests.swift */; };
		881EE14225524B9F0026F32D /* LFFilterSortDataModel.swift in Sources */ = {isa = PBXBuildFile; fileRef = 881EE13E25524B9F0026F32D /* LFFilterSortDataModel.swift */; };
		881EE14325524B9F0026F32D /* LFFilterSortMenuView.swift in Sources */ = {isa = PBXBuildFile; fileRef = 881EE14025524B9F0026F32D /* LFFilterSortMenuView.swift */; };
		881EE14425524B9F0026F32D /* LFFilterFilterMenuView.swift in Sources */ = {isa = PBXBuildFile; fileRef = 881EE14125524B9F0026F32D /* LFFilterFilterMenuView.swift */; };
		881EE14925524BC30026F32D /* LFFilterSortTitleCell.swift in Sources */ = {isa = PBXBuildFile; fileRef = 881EE14825524BC30026F32D /* LFFilterSortTitleCell.swift */; };
		881EE15B2552621B0026F32D /* LFFilterFilterTitleCell.swift in Sources */ = {isa = PBXBuildFile; fileRef = 881EE15A2552621B0026F32D /* LFFilterFilterTitleCell.swift */; };
		881EE160255263AD0026F32D /* LFFilterFilterDataModel.swift in Sources */ = {isa = PBXBuildFile; fileRef = 881EE15F255263AD0026F32D /* LFFilterFilterDataModel.swift */; };
		881EE1652552A3850026F32D /* LFFilterDropCollectionCell.swift in Sources */ = {isa = PBXBuildFile; fileRef = 881EE1642552A3840026F32D /* LFFilterDropCollectionCell.swift */; };
		881EE17E2553A6030026F32D /* ShopCartListItemCell.swift in Sources */ = {isa = PBXBuildFile; fileRef = 881EE17D2553A6020026F32D /* ShopCartListItemCell.swift */; };
		881EE1AA255785E00026F32D /* LFSwipedCollectionViewCell.swift in Sources */ = {isa = PBXBuildFile; fileRef = 881EE1A9255785DF0026F32D /* LFSwipedCollectionViewCell.swift */; };
		8866D6B8255D363800B7CD3C /* LFFilterSectionHeaderView.swift in Sources */ = {isa = PBXBuildFile; fileRef = 8866D6B7255D363800B7CD3C /* LFFilterSectionHeaderView.swift */; };
		8866D6C0255D376700B7CD3C /* PhoneInfoManager.swift in Sources */ = {isa = PBXBuildFile; fileRef = 8866D6BD255D376700B7CD3C /* PhoneInfoManager.swift */; };
		8866D6C1255D376700B7CD3C /* AppConstants.swift in Sources */ = {isa = PBXBuildFile; fileRef = 8866D6BE255D376700B7CD3C /* AppConstants.swift */; };
		8866D6C2255D376700B7CD3C /* Theme.swift in Sources */ = {isa = PBXBuildFile; fileRef = 8866D6BF255D376700B7CD3C /* Theme.swift */; };
		8866D6CF255D376F00B7CD3C /* UIButton-Extension.swift in Sources */ = {isa = PBXBuildFile; fileRef = 8866D6C7255D376F00B7CD3C /* UIButton-Extension.swift */; };
		8866D6D0255D376F00B7CD3C /* UILabel-Extension.swift in Sources */ = {isa = PBXBuildFile; fileRef = 8866D6C8255D376F00B7CD3C /* UILabel-Extension.swift */; };
		8866D6D1255D376F00B7CD3C /* UIColor-Extension.swift in Sources */ = {isa = PBXBuildFile; fileRef = 8866D6CA255D376F00B7CD3C /* UIColor-Extension.swift */; };
		8866D6D2255D376F00B7CD3C /* UIFont-Extension.swift in Sources */ = {isa = PBXBuildFile; fileRef = 8866D6CB255D376F00B7CD3C /* UIFont-Extension.swift */; };
		8866D6D3255D376F00B7CD3C /* UIView-Extension.swift in Sources */ = {isa = PBXBuildFile; fileRef = 8866D6CC255D376F00B7CD3C /* UIView-Extension.swift */; };
		8866D6D4255D376F00B7CD3C /* LFButton.m in Sources */ = {isa = PBXBuildFile; fileRef = 8866D6CD255D376F00B7CD3C /* LFButton.m */; };
		8866D6D5255D376F00B7CD3C /* Date-Conversion.swift in Sources */ = {isa = PBXBuildFile; fileRef = 8866D6CE255D376F00B7CD3C /* Date-Conversion.swift */; };
		8866D6DA255D47C100B7CD3C /* LFFilterSideListCell.swift in Sources */ = {isa = PBXBuildFile; fileRef = 8866D6D9255D47C100B7CD3C /* LFFilterSideListCell.swift */; };
		8866D6DF255E770300B7CD3C /* LFFilterFilterAllDataView.swift in Sources */ = {isa = PBXBuildFile; fileRef = 8866D6DE255E770300B7CD3C /* LFFilterFilterAllDataView.swift */; };
		8866D6E9255E9E2200B7CD3C /* TestTableViewController.swift in Sources */ = {isa = PBXBuildFile; fileRef = 8866D6E8255E9E2100B7CD3C /* TestTableViewController.swift */; };
		CC282FA86E93A6F8A41299E4 /* Pods_FilterTestDemo.framework in Frameworks */ = {isa = PBXBuildFile; fileRef = 66D5D32E75637619C709DFAF /* Pods_FilterTestDemo.framework */; };
		CDF38984A50474E656FDE094 /* Pods_FilterTestDemo_FilterTestDemoUITests.framework in Frameworks */ = {isa = PBXBuildFile; fileRef = 623028036543538E285B1071 /* Pods_FilterTestDemo_FilterTestDemoUITests.framework */; };
		F1ED75F9F7F189E6268D898A /* Pods_FilterTestDemoTests.framework in Frameworks */ = {isa = PBXBuildFile; fileRef = BA6E79EAD8A130D5AC004FE4 /* Pods_FilterTestDemoTests.framework */; };
/* End PBXBuildFile section */

/* Begin PBXContainerItemProxy section */
		881EE11B25524B850026F32D /* PBXContainerItemProxy */ = {
			isa = PBXContainerItemProxy;
			containerPortal = 881EE0FC25524B820026F32D /* Project object */;
			proxyType = 1;
			remoteGlobalIDString = 881EE10325524B820026F32D;
			remoteInfo = FilterTestDemo;
		};
		881EE12625524B850026F32D /* PBXContainerItemProxy */ = {
			isa = PBXContainerItemProxy;
			containerPortal = 881EE0FC25524B820026F32D /* Project object */;
			proxyType = 1;
			remoteGlobalIDString = 881EE10325524B820026F32D;
			remoteInfo = FilterTestDemo;
		};
/* End PBXContainerItemProxy section */

/* Begin PBXFileReference section */
		0837B4F229CA06FE26AE4948 /* Pods-FilterTestDemoTests.debug.xcconfig */ = {isa = PBXFileReference; includeInIndex = 1; lastKnownFileType = text.xcconfig; name = "Pods-FilterTestDemoTests.debug.xcconfig"; path = "Target Support Files/Pods-FilterTestDemoTests/Pods-FilterTestDemoTests.debug.xcconfig"; sourceTree = "<group>"; };
		45D9DE1997ACAAC812A063A6 /* Pods-FilterTestDemo.release.xcconfig */ = {isa = PBXFileReference; includeInIndex = 1; lastKnownFileType = text.xcconfig; name = "Pods-FilterTestDemo.release.xcconfig"; path = "Target Support Files/Pods-FilterTestDemo/Pods-FilterTestDemo.release.xcconfig"; sourceTree = "<group>"; };
		623028036543538E285B1071 /* Pods_FilterTestDemo_FilterTestDemoUITests.framework */ = {isa = PBXFileReference; explicitFileType = wrapper.framework; includeInIndex = 0; path = Pods_FilterTestDemo_FilterTestDemoUITests.framework; sourceTree = BUILT_PRODUCTS_DIR; };
		66D5D32E75637619C709DFAF /* Pods_FilterTestDemo.framework */ = {isa = PBXFileReference; explicitFileType = wrapper.framework; includeInIndex = 0; path = Pods_FilterTestDemo.framework; sourceTree = BUILT_PRODUCTS_DIR; };
		80BCCA028A167AEFFC371933 /* Pods-FilterTestDemoTests.release.xcconfig */ = {isa = PBXFileReference; includeInIndex = 1; lastKnownFileType = text.xcconfig; name = "Pods-FilterTestDemoTests.release.xcconfig"; path = "Target Support Files/Pods-FilterTestDemoTests/Pods-FilterTestDemoTests.release.xcconfig"; sourceTree = "<group>"; };
		881EE10425524B820026F32D /* FilterTestDemo.app */ = {isa = PBXFileReference; explicitFileType = wrapper.application; includeInIndex = 0; path = FilterTestDemo.app; sourceTree = BUILT_PRODUCTS_DIR; };
		881EE10725524B820026F32D /* AppDelegate.swift */ = {isa = PBXFileReference; lastKnownFileType = sourcecode.swift; path = AppDelegate.swift; sourceTree = "<group>"; };
		881EE10B25524B820026F32D /* ViewController.swift */ = {isa = PBXFileReference; lastKnownFileType = sourcecode.swift; path = ViewController.swift; sourceTree = "<group>"; };
		881EE10E25524B820026F32D /* Base */ = {isa = PBXFileReference; lastKnownFileType = file.storyboard; name = Base; path = Base.lproj/Main.storyboard; sourceTree = "<group>"; };
		881EE11025524B840026F32D /* Assets.xcassets */ = {isa = PBXFileReference; lastKnownFileType = folder.assetcatalog; path = Assets.xcassets; sourceTree = "<group>"; };
		881EE11325524B840026F32D /* Base */ = {isa = PBXFileReference; lastKnownFileType = file.storyboard; name = Base; path = Base.lproj/LaunchScreen.storyboard; sourceTree = "<group>"; };
		881EE11525524B840026F32D /* Info.plist */ = {isa = PBXFileReference; lastKnownFileType = text.plist.xml; path = Info.plist; sourceTree = "<group>"; };
		881EE11A25524B850026F32D /* FilterTestDemoTests.xctest */ = {isa = PBXFileReference; explicitFileType = wrapper.cfbundle; includeInIndex = 0; path = FilterTestDemoTests.xctest; sourceTree = BUILT_PRODUCTS_DIR; };
		881EE11E25524B850026F32D /* FilterTestDemoTests.swift */ = {isa = PBXFileReference; lastKnownFileType = sourcecode.swift; path = FilterTestDemoTests.swift; sourceTree = "<group>"; };
		881EE12025524B850026F32D /* Info.plist */ = {isa = PBXFileReference; lastKnownFileType = text.plist.xml; path = Info.plist; sourceTree = "<group>"; };
		881EE12525524B850026F32D /* FilterTestDemoUITests.xctest */ = {isa = PBXFileReference; explicitFileType = wrapper.cfbundle; includeInIndex = 0; path = FilterTestDemoUITests.xctest; sourceTree = BUILT_PRODUCTS_DIR; };
		881EE12925524B850026F32D /* FilterTestDemoUITests.swift */ = {isa = PBXFileReference; lastKnownFileType = sourcecode.swift; path = FilterTestDemoUITests.swift; sourceTree = "<group>"; };
		881EE12B25524B850026F32D /* Info.plist */ = {isa = PBXFileReference; lastKnownFileType = text.plist.xml; path = Info.plist; sourceTree = "<group>"; };
		881EE13E25524B9F0026F32D /* LFFilterSortDataModel.swift */ = {isa = PBXFileReference; fileEncoding = 4; lastKnownFileType = sourcecode.swift; path = LFFilterSortDataModel.swift; sourceTree = "<group>"; };
		881EE14025524B9F0026F32D /* LFFilterSortMenuView.swift */ = {isa = PBXFileReference; fileEncoding = 4; lastKnownFileType = sourcecode.swift; path = LFFilterSortMenuView.swift; sourceTree = "<group>"; };
		881EE14125524B9F0026F32D /* LFFilterFilterMenuView.swift */ = {isa = PBXFileReference; fileEncoding = 4; lastKnownFileType = sourcecode.swift; path = LFFilterFilterMenuView.swift; sourceTree = "<group>"; };
		881EE14825524BC30026F32D /* LFFilterSortTitleCell.swift */ = {isa = PBXFileReference; lastKnownFileType = sourcecode.swift; path = LFFilterSortTitleCell.swift; sourceTree = "<group>"; };
		881EE15A2552621B0026F32D /* LFFilterFilterTitleCell.swift */ = {isa = PBXFileReference; lastKnownFileType = sourcecode.swift; path = LFFilterFilterTitleCell.swift; sourceTree = "<group>"; };
		881EE15F255263AD0026F32D /* LFFilterFilterDataModel.swift */ = {isa = PBXFileReference; lastKnownFileType = sourcecode.swift; path = LFFilterFilterDataModel.swift; sourceTree = "<group>"; };
		881EE1642552A3840026F32D /* LFFilterDropCollectionCell.swift */ = {isa = PBXFileReference; lastKnownFileType = sourcecode.swift; path = LFFilterDropCollectionCell.swift; sourceTree = "<group>"; };
		881EE17D2553A6020026F32D /* ShopCartListItemCell.swift */ = {isa = PBXFileReference; fileEncoding = 4; lastKnownFileType = sourcecode.swift; path = ShopCartListItemCell.swift; sourceTree = "<group>"; };
		881EE1A9255785DF0026F32D /* LFSwipedCollectionViewCell.swift */ = {isa = PBXFileReference; fileEncoding = 4; lastKnownFileType = sourcecode.swift; path = LFSwipedCollectionViewCell.swift; sourceTree = "<group>"; };
		8866D6B7255D363800B7CD3C /* LFFilterSectionHeaderView.swift */ = {isa = PBXFileReference; lastKnownFileType = sourcecode.swift; path = LFFilterSectionHeaderView.swift; sourceTree = "<group>"; };
		8866D6BD255D376700B7CD3C /* PhoneInfoManager.swift */ = {isa = PBXFileReference; fileEncoding = 4; lastKnownFileType = sourcecode.swift; path = PhoneInfoManager.swift; sourceTree = "<group>"; };
		8866D6BE255D376700B7CD3C /* AppConstants.swift */ = {isa = PBXFileReference; fileEncoding = 4; lastKnownFileType = sourcecode.swift; path = AppConstants.swift; sourceTree = "<group>"; };
		8866D6BF255D376700B7CD3C /* Theme.swift */ = {isa = PBXFileReference; fileEncoding = 4; lastKnownFileType = sourcecode.swift; path = Theme.swift; sourceTree = "<group>"; };
		8866D6C7255D376F00B7CD3C /* UIButton-Extension.swift */ = {isa = PBXFileReference; fileEncoding = 4; lastKnownFileType = sourcecode.swift; path = "UIButton-Extension.swift"; sourceTree = "<group>"; };
		8866D6C8255D376F00B7CD3C /* UILabel-Extension.swift */ = {isa = PBXFileReference; fileEncoding = 4; lastKnownFileType = sourcecode.swift; path = "UILabel-Extension.swift"; sourceTree = "<group>"; };
		8866D6C9255D376F00B7CD3C /* LFButton.h */ = {isa = PBXFileReference; fileEncoding = 4; lastKnownFileType = sourcecode.c.h; path = LFButton.h; sourceTree = "<group>"; };
		8866D6CA255D376F00B7CD3C /* UIColor-Extension.swift */ = {isa = PBXFileReference; fileEncoding = 4; lastKnownFileType = sourcecode.swift; path = "UIColor-Extension.swift"; sourceTree = "<group>"; };
		8866D6CB255D376F00B7CD3C /* UIFont-Extension.swift */ = {isa = PBXFileReference; fileEncoding = 4; lastKnownFileType = sourcecode.swift; path = "UIFont-Extension.swift"; sourceTree = "<group>"; };
		8866D6CC255D376F00B7CD3C /* UIView-Extension.swift */ = {isa = PBXFileReference; fileEncoding = 4; lastKnownFileType = sourcecode.swift; path = "UIView-Extension.swift"; sourceTree = "<group>"; };
		8866D6CD255D376F00B7CD3C /* LFButton.m */ = {isa = PBXFileReference; fileEncoding = 4; lastKnownFileType = sourcecode.c.objc; path = LFButton.m; sourceTree = "<group>"; };
		8866D6CE255D376F00B7CD3C /* Date-Conversion.swift */ = {isa = PBXFileReference; fileEncoding = 4; lastKnownFileType = sourcecode.swift; path = "Date-Conversion.swift"; sourceTree = "<group>"; };
		8866D6D9255D47C100B7CD3C /* LFFilterSideListCell.swift */ = {isa = PBXFileReference; lastKnownFileType = sourcecode.swift; path = LFFilterSideListCell.swift; sourceTree = "<group>"; };
		8866D6DE255E770300B7CD3C /* LFFilterFilterAllDataView.swift */ = {isa = PBXFileReference; lastKnownFileType = sourcecode.swift; path = LFFilterFilterAllDataView.swift; sourceTree = "<group>"; };
		8866D6E8255E9E2100B7CD3C /* TestTableViewController.swift */ = {isa = PBXFileReference; lastKnownFileType = sourcecode.swift; path = TestTableViewController.swift; sourceTree = "<group>"; };
		B3D2139C8EE26EA98649FFB4 /* Pods-FilterTestDemo.debug.xcconfig */ = {isa = PBXFileReference; includeInIndex = 1; lastKnownFileType = text.xcconfig; name = "Pods-FilterTestDemo.debug.xcconfig"; path = "Target Support Files/Pods-FilterTestDemo/Pods-FilterTestDemo.debug.xcconfig"; sourceTree = "<group>"; };
		BA6E79EAD8A130D5AC004FE4 /* Pods_FilterTestDemoTests.framework */ = {isa = PBXFileReference; explicitFileType = wrapper.framework; includeInIndex = 0; path = Pods_FilterTestDemoTests.framework; sourceTree = BUILT_PRODUCTS_DIR; };
		C49F62CF465BF1F2B6A29876 /* Pods-FilterTestDemo-FilterTestDemoUITests.release.xcconfig */ = {isa = PBXFileReference; includeInIndex = 1; lastKnownFileType = text.xcconfig; name = "Pods-FilterTestDemo-FilterTestDemoUITests.release.xcconfig"; path = "Target Support Files/Pods-FilterTestDemo-FilterTestDemoUITests/Pods-FilterTestDemo-FilterTestDemoUITests.release.xcconfig"; sourceTree = "<group>"; };
		F7C9C3AE24EE0F1812EA0BBB /* Pods-FilterTestDemo-FilterTestDemoUITests.debug.xcconfig */ = {isa = PBXFileReference; includeInIndex = 1; lastKnownFileType = text.xcconfig; name = "Pods-FilterTestDemo-FilterTestDemoUITests.debug.xcconfig"; path = "Target Support Files/Pods-FilterTestDemo-FilterTestDemoUITests/Pods-FilterTestDemo-FilterTestDemoUITests.debug.xcconfig"; sourceTree = "<group>"; };
/* End PBXFileReference section */

/* Begin PBXFrameworksBuildPhase section */
		881EE10125524B820026F32D /* Frameworks */ = {
			isa = PBXFrameworksBuildPhase;
			buildActionMask = 2147483647;
			files = (
				CC282FA86E93A6F8A41299E4 /* Pods_FilterTestDemo.framework in Frameworks */,
			);
			runOnlyForDeploymentPostprocessing = 0;
		};
		881EE11725524B850026F32D /* Frameworks */ = {
			isa = PBXFrameworksBuildPhase;
			buildActionMask = 2147483647;
			files = (
				F1ED75F9F7F189E6268D898A /* Pods_FilterTestDemoTests.framework in Frameworks */,
			);
			runOnlyForDeploymentPostprocessing = 0;
		};
		881EE12225524B850026F32D /* Frameworks */ = {
			isa = PBXFrameworksBuildPhase;
			buildActionMask = 2147483647;
			files = (
				CDF38984A50474E656FDE094 /* Pods_FilterTestDemo_FilterTestDemoUITests.framework in Frameworks */,
			);
			runOnlyForDeploymentPostprocessing = 0;
		};
/* End PBXFrameworksBuildPhase section */

/* Begin PBXGroup section */
		8413EA263CD7F9EAEDEEBA4E /* Pods */ = {
			isa = PBXGroup;
			children = (
				B3D2139C8EE26EA98649FFB4 /* Pods-FilterTestDemo.debug.xcconfig */,
				45D9DE1997ACAAC812A063A6 /* Pods-FilterTestDemo.release.xcconfig */,
				F7C9C3AE24EE0F1812EA0BBB /* Pods-FilterTestDemo-FilterTestDemoUITests.debug.xcconfig */,
				C49F62CF465BF1F2B6A29876 /* Pods-FilterTestDemo-FilterTestDemoUITests.release.xcconfig */,
				0837B4F229CA06FE26AE4948 /* Pods-FilterTestDemoTests.debug.xcconfig */,
				80BCCA028A167AEFFC371933 /* Pods-FilterTestDemoTests.release.xcconfig */,
			);
			path = Pods;
			sourceTree = "<group>";
		};
		881EE0FB25524B820026F32D = {
			isa = PBXGroup;
			children = (
				881EE10625524B820026F32D /* FilterTestDemo */,
				881EE11D25524B850026F32D /* FilterTestDemoTests */,
				881EE12825524B850026F32D /* FilterTestDemoUITests */,
				881EE10525524B820026F32D /* Products */,
				8413EA263CD7F9EAEDEEBA4E /* Pods */,
				FDFD5ADEE1A8D58018310861 /* Frameworks */,
			);
			sourceTree = "<group>";
		};
		881EE10525524B820026F32D /* Products */ = {
			isa = PBXGroup;
			children = (
				881EE10425524B820026F32D /* FilterTestDemo.app */,
				881EE11A25524B850026F32D /* FilterTestDemoTests.xctest */,
				881EE12525524B850026F32D /* FilterTestDemoUITests.xctest */,
			);
			name = Products;
			sourceTree = "<group>";
		};
		881EE10625524B820026F32D /* FilterTestDemo */ = {
			isa = PBXGroup;
			children = (
				8866D6C6255D376F00B7CD3C /* Extension */,
				8866D6BC255D376700B7CD3C /* tool */,
				881EE13A25524B9F0026F32D /* LFFilterMenuView */,
				881EE10725524B820026F32D /* AppDelegate.swift */,
				881EE10B25524B820026F32D /* ViewController.swift */,
				881EE17D2553A6020026F32D /* ShopCartListItemCell.swift */,
				881EE1A9255785DF0026F32D /* LFSwipedCollectionViewCell.swift */,
				8866D6E8255E9E2100B7CD3C /* TestTableViewController.swift */,
				881EE10D25524B820026F32D /* Main.storyboard */,
				881EE11025524B840026F32D /* Assets.xcassets */,
				881EE11225524B840026F32D /* LaunchScreen.storyboard */,
				881EE11525524B840026F32D /* Info.plist */,
			);
			path = FilterTestDemo;
			sourceTree = "<group>";
		};
		881EE11D25524B850026F32D /* FilterTestDemoTests */ = {
			isa = PBXGroup;
			children = (
				881EE11E25524B850026F32D /* FilterTestDemoTests.swift */,
				881EE12025524B850026F32D /* Info.plist */,
			);
			path = FilterTestDemoTests;
			sourceTree = "<group>";
		};
		881EE12825524B850026F32D /* FilterTestDemoUITests */ = {
			isa = PBXGroup;
			children = (
				881EE12925524B850026F32D /* FilterTestDemoUITests.swift */,
				881EE12B25524B850026F32D /* Info.plist */,
			);
			path = FilterTestDemoUITests;
			sourceTree = "<group>";
		};
		881EE13A25524B9F0026F32D /* LFFilterMenuView */ = {
			isa = PBXGroup;
			children = (
				881EE13C25524B9F0026F32D /* cell */,
				881EE13D25524B9F0026F32D /* model */,
				881EE13F25524B9F0026F32D /* view */,
			);
			path = LFFilterMenuView;
			sourceTree = "<group>";
		};
		881EE13C25524B9F0026F32D /* cell */ = {
			isa = PBXGroup;
			children = (
				881EE14825524BC30026F32D /* LFFilterSortTitleCell.swift */,
				881EE15A2552621B0026F32D /* LFFilterFilterTitleCell.swift */,
				881EE1642552A3840026F32D /* LFFilterDropCollectionCell.swift */,
				8866D6B7255D363800B7CD3C /* LFFilterSectionHeaderView.swift */,
				8866D6D9255D47C100B7CD3C /* LFFilterSideListCell.swift */,
				8866D6DE255E770300B7CD3C /* LFFilterFilterAllDataView.swift */,
			);
			path = cell;
			sourceTree = "<group>";
		};
		881EE13D25524B9F0026F32D /* model */ = {
			isa = PBXGroup;
			children = (
				881EE13E25524B9F0026F32D /* LFFilterSortDataModel.swift */,
				881EE15F255263AD0026F32D /* LFFilterFilterDataModel.swift */,
			);
			path = model;
			sourceTree = "<group>";
		};
		881EE13F25524B9F0026F32D /* view */ = {
			isa = PBXGroup;
			children = (
				881EE14025524B9F0026F32D /* LFFilterSortMenuView.swift */,
				881EE14125524B9F0026F32D /* LFFilterFilterMenuView.swift */,
			);
			path = view;
			sourceTree = "<group>";
		};
		8866D6BC255D376700B7CD3C /* tool */ = {
			isa = PBXGroup;
			children = (
				8866D6BD255D376700B7CD3C /* PhoneInfoManager.swift */,
				8866D6BE255D376700B7CD3C /* AppConstants.swift */,
				8866D6BF255D376700B7CD3C /* Theme.swift */,
			);
			path = tool;
			sourceTree = "<group>";
		};
		8866D6C6255D376F00B7CD3C /* Extension */ = {
			isa = PBXGroup;
			children = (
				8866D6C7255D376F00B7CD3C /* UIButton-Extension.swift */,
				8866D6C8255D376F00B7CD3C /* UILabel-Extension.swift */,
				8866D6C9255D376F00B7CD3C /* LFButton.h */,
				8866D6CA255D376F00B7CD3C /* UIColor-Extension.swift */,
				8866D6CB255D376F00B7CD3C /* UIFont-Extension.swift */,
				8866D6CC255D376F00B7CD3C /* UIView-Extension.swift */,
				8866D6CD255D376F00B7CD3C /* LFButton.m */,
				8866D6CE255D376F00B7CD3C /* Date-Conversion.swift */,
			);
			path = Extension;
			sourceTree = "<group>";
		};
		FDFD5ADEE1A8D58018310861 /* Frameworks */ = {
			isa = PBXGroup;
			children = (
				66D5D32E75637619C709DFAF /* Pods_FilterTestDemo.framework */,
				623028036543538E285B1071 /* Pods_FilterTestDemo_FilterTestDemoUITests.framework */,
				BA6E79EAD8A130D5AC004FE4 /* Pods_FilterTestDemoTests.framework */,
			);
			name = Frameworks;
			sourceTree = "<group>";
		};
/* End PBXGroup section */

/* Begin PBXNativeTarget section */
		881EE10325524B820026F32D /* FilterTestDemo */ = {
			isa = PBXNativeTarget;
			buildConfigurationList = 881EE12E25524B850026F32D /* Build configuration list for PBXNativeTarget "FilterTestDemo" */;
			buildPhases = (
				B555F6AA2CF05F704E2DF25E /* [CP] Check Pods Manifest.lock */,
				881EE10025524B820026F32D /* Sources */,
				881EE10125524B820026F32D /* Frameworks */,
				881EE10225524B820026F32D /* Resources */,
				D8823A7B71EE9D4B5722F12B /* [CP] Embed Pods Frameworks */,
			);
			buildRules = (
			);
			dependencies = (
			);
			name = FilterTestDemo;
			productName = FilterTestDemo;
			productReference = 881EE10425524B820026F32D /* FilterTestDemo.app */;
			productType = "com.apple.product-type.application";
		};
		881EE11925524B850026F32D /* FilterTestDemoTests */ = {
			isa = PBXNativeTarget;
			buildConfigurationList = 881EE13125524B850026F32D /* Build configuration list for PBXNativeTarget "FilterTestDemoTests" */;
			buildPhases = (
				62D4FEFE9E6AD73F43F41837 /* [CP] Check Pods Manifest.lock */,
				881EE11625524B850026F32D /* Sources */,
				881EE11725524B850026F32D /* Frameworks */,
				881EE11825524B850026F32D /* Resources */,
			);
			buildRules = (
			);
			dependencies = (
				881EE11C25524B850026F32D /* PBXTargetDependency */,
			);
			name = FilterTestDemoTests;
			productName = FilterTestDemoTests;
			productReference = 881EE11A25524B850026F32D /* FilterTestDemoTests.xctest */;
			productType = "com.apple.product-type.bundle.unit-test";
		};
		881EE12425524B850026F32D /* FilterTestDemoUITests */ = {
			isa = PBXNativeTarget;
			buildConfigurationList = 881EE13425524B850026F32D /* Build configuration list for PBXNativeTarget "FilterTestDemoUITests" */;
			buildPhases = (
				267B6C95431F01B753ADAAF5 /* [CP] Check Pods Manifest.lock */,
				881EE12125524B850026F32D /* Sources */,
				881EE12225524B850026F32D /* Frameworks */,
				881EE12325524B850026F32D /* Resources */,
				6D37DDFF2943C0DCC01B91D0 /* [CP] Embed Pods Frameworks */,
			);
			buildRules = (
			);
			dependencies = (
				881EE12725524B850026F32D /* PBXTargetDependency */,
			);
			name = FilterTestDemoUITests;
			productName = FilterTestDemoUITests;
			productReference = 881EE12525524B850026F32D /* FilterTestDemoUITests.xctest */;
			productType = "com.apple.product-type.bundle.ui-testing";
		};
/* End PBXNativeTarget section */

/* Begin PBXProject section */
		881EE0FC25524B820026F32D /* Project object */ = {
			isa = PBXProject;
			attributes = {
				LastSwiftUpdateCheck = 1200;
				LastUpgradeCheck = 1200;
				TargetAttributes = {
					881EE10325524B820026F32D = {
						CreatedOnToolsVersion = 12.0.1;
					};
					881EE11925524B850026F32D = {
						CreatedOnToolsVersion = 12.0.1;
						TestTargetID = 881EE10325524B820026F32D;
					};
					881EE12425524B850026F32D = {
						CreatedOnToolsVersion = 12.0.1;
						TestTargetID = 881EE10325524B820026F32D;
					};
				};
			};
			buildConfigurationList = 881EE0FF25524B820026F32D /* Build configuration list for PBXProject "FilterTestDemo" */;
			compatibilityVersion = "Xcode 9.3";
			developmentRegion = en;
			hasScannedForEncodings = 0;
			knownRegions = (
				en,
				Base,
			);
			mainGroup = 881EE0FB25524B820026F32D;
			productRefGroup = 881EE10525524B820026F32D /* Products */;
			projectDirPath = "";
			projectRoot = "";
			targets = (
				881EE10325524B820026F32D /* FilterTestDemo */,
				881EE11925524B850026F32D /* FilterTestDemoTests */,
				881EE12425524B850026F32D /* FilterTestDemoUITests */,
			);
		};
/* End PBXProject section */

/* Begin PBXResourcesBuildPhase section */
		881EE10225524B820026F32D /* Resources */ = {
			isa = PBXResourcesBuildPhase;
			buildActionMask = 2147483647;
			files = (
				881EE11425524B840026F32D /* LaunchScreen.storyboard in Resources */,
				881EE11125524B840026F32D /* Assets.xcassets in Resources */,
				881EE10F25524B820026F32D /* Main.storyboard in Resources */,
			);
			runOnlyForDeploymentPostprocessing = 0;
		};
		881EE11825524B850026F32D /* Resources */ = {
			isa = PBXResourcesBuildPhase;
			buildActionMask = 2147483647;
			files = (
			);
			runOnlyForDeploymentPostprocessing = 0;
		};
		881EE12325524B850026F32D /* Resources */ = {
			isa = PBXResourcesBuildPhase;
			buildActionMask = 2147483647;
			files = (
			);
			runOnlyForDeploymentPostprocessing = 0;
		};
/* End PBXResourcesBuildPhase section */

/* Begin PBXShellScriptBuildPhase section */
		267B6C95431F01B753ADAAF5 /* [CP] Check Pods Manifest.lock */ = {
			isa = PBXShellScriptBuildPhase;
			buildActionMask = 2147483647;
			files = (
			);
			inputFileListPaths = (
			);
			inputPaths = (
				"${PODS_PODFILE_DIR_PATH}/Podfile.lock",
				"${PODS_ROOT}/Manifest.lock",
			);
			name = "[CP] Check Pods Manifest.lock";
			outputFileListPaths = (
			);
			outputPaths = (
				"$(DERIVED_FILE_DIR)/Pods-FilterTestDemo-FilterTestDemoUITests-checkManifestLockResult.txt",
			);
			runOnlyForDeploymentPostprocessing = 0;
			shellPath = /bin/sh;
			shellScript = "diff \"${PODS_PODFILE_DIR_PATH}/Podfile.lock\" \"${PODS_ROOT}/Manifest.lock\" > /dev/null\nif [ $? != 0 ] ; then\n    # print error to STDERR\n    echo \"error: The sandbox is not in sync with the Podfile.lock. Run 'pod install' or update your CocoaPods installation.\" >&2\n    exit 1\nfi\n# This output is used by Xcode 'outputs' to avoid re-running this script phase.\necho \"SUCCESS\" > \"${SCRIPT_OUTPUT_FILE_0}\"\n";
			showEnvVarsInLog = 0;
		};
		62D4FEFE9E6AD73F43F41837 /* [CP] Check Pods Manifest.lock */ = {
			isa = PBXShellScriptBuildPhase;
			buildActionMask = 2147483647;
			files = (
			);
			inputFileListPaths = (
			);
			inputPaths = (
				"${PODS_PODFILE_DIR_PATH}/Podfile.lock",
				"${PODS_ROOT}/Manifest.lock",
			);
			name = "[CP] Check Pods Manifest.lock";
			outputFileListPaths = (
			);
			outputPaths = (
				"$(DERIVED_FILE_DIR)/Pods-FilterTestDemoTests-checkManifestLockResult.txt",
			);
			runOnlyForDeploymentPostprocessing = 0;
			shellPath = /bin/sh;
			shellScript = "diff \"${PODS_PODFILE_DIR_PATH}/Podfile.lock\" \"${PODS_ROOT}/Manifest.lock\" > /dev/null\nif [ $? != 0 ] ; then\n    # print error to STDERR\n    echo \"error: The sandbox is not in sync with the Podfile.lock. Run 'pod install' or update your CocoaPods installation.\" >&2\n    exit 1\nfi\n# This output is used by Xcode 'outputs' to avoid re-running this script phase.\necho \"SUCCESS\" > \"${SCRIPT_OUTPUT_FILE_0}\"\n";
			showEnvVarsInLog = 0;
		};
		6D37DDFF2943C0DCC01B91D0 /* [CP] Embed Pods Frameworks */ = {
			isa = PBXShellScriptBuildPhase;
			buildActionMask = 2147483647;
			files = (
			);
			inputFileListPaths = (
				"${PODS_ROOT}/Target Support Files/Pods-FilterTestDemo-FilterTestDemoUITests/Pods-FilterTestDemo-FilterTestDemoUITests-frameworks-${CONFIGURATION}-input-files.xcfilelist",
			);
			name = "[CP] Embed Pods Frameworks";
			outputFileListPaths = (
				"${PODS_ROOT}/Target Support Files/Pods-FilterTestDemo-FilterTestDemoUITests/Pods-FilterTestDemo-FilterTestDemoUITests-frameworks-${CONFIGURATION}-output-files.xcfilelist",
			);
			runOnlyForDeploymentPostprocessing = 0;
			shellPath = /bin/sh;
			shellScript = "\"${PODS_ROOT}/Target Support Files/Pods-FilterTestDemo-FilterTestDemoUITests/Pods-FilterTestDemo-FilterTestDemoUITests-frameworks.sh\"\n";
			showEnvVarsInLog = 0;
		};
		B555F6AA2CF05F704E2DF25E /* [CP] Check Pods Manifest.lock */ = {
			isa = PBXShellScriptBuildPhase;
			buildActionMask = 2147483647;
			files = (
			);
			inputFileListPaths = (
			);
			inputPaths = (
				"${PODS_PODFILE_DIR_PATH}/Podfile.lock",
				"${PODS_ROOT}/Manifest.lock",
			);
			name = "[CP] Check Pods Manifest.lock";
			outputFileListPaths = (
			);
			outputPaths = (
				"$(DERIVED_FILE_DIR)/Pods-FilterTestDemo-checkManifestLockResult.txt",
			);
			runOnlyForDeploymentPostprocessing = 0;
			shellPath = /bin/sh;
			shellScript = "diff \"${PODS_PODFILE_DIR_PATH}/Podfile.lock\" \"${PODS_ROOT}/Manifest.lock\" > /dev/null\nif [ $? != 0 ] ; then\n    # print error to STDERR\n    echo \"error: The sandbox is not in sync with the Podfile.lock. Run 'pod install' or update your CocoaPods installation.\" >&2\n    exit 1\nfi\n# This output is used by Xcode 'outputs' to avoid re-running this script phase.\necho \"SUCCESS\" > \"${SCRIPT_OUTPUT_FILE_0}\"\n";
			showEnvVarsInLog = 0;
		};
		D8823A7B71EE9D4B5722F12B /* [CP] Embed Pods Frameworks */ = {
			isa = PBXShellScriptBuildPhase;
			buildActionMask = 2147483647;
			files = (
			);
			inputFileListPaths = (
				"${PODS_ROOT}/Target Support Files/Pods-FilterTestDemo/Pods-FilterTestDemo-frameworks-${CONFIGURATION}-input-files.xcfilelist",
			);
			name = "[CP] Embed Pods Frameworks";
			outputFileListPaths = (
				"${PODS_ROOT}/Target Support Files/Pods-FilterTestDemo/Pods-FilterTestDemo-frameworks-${CONFIGURATION}-output-files.xcfilelist",
			);
			runOnlyForDeploymentPostprocessing = 0;
			shellPath = /bin/sh;
			shellScript = "\"${PODS_ROOT}/Target Support Files/Pods-FilterTestDemo/Pods-FilterTestDemo-frameworks.sh\"\n";
			showEnvVarsInLog = 0;
		};
/* End PBXShellScriptBuildPhase section */

/* Begin PBXSourcesBuildPhase section */
		881EE10025524B820026F32D /* Sources */ = {
			isa = PBXSourcesBuildPhase;
			buildActionMask = 2147483647;
			files = (
				881EE15B2552621B0026F32D /* LFFilterFilterTitleCell.swift in Sources */,
				8866D6E9255E9E2200B7CD3C /* TestTableViewController.swift in Sources */,
				881EE10C25524B820026F32D /* ViewController.swift in Sources */,
				8866D6C0255D376700B7CD3C /* PhoneInfoManager.swift in Sources */,
				881EE14225524B9F0026F32D /* LFFilterSortDataModel.swift in Sources */,
				8866D6B8255D363800B7CD3C /* LFFilterSectionHeaderView.swift in Sources */,
				881EE14325524B9F0026F32D /* LFFilterSortMenuView.swift in Sources */,
				881EE17E2553A6030026F32D /* ShopCartListItemCell.swift in Sources */,
				8866D6CF255D376F00B7CD3C /* UIButton-Extension.swift in Sources */,
				8866D6D3255D376F00B7CD3C /* UIView-Extension.swift in Sources */,
				8866D6D5255D376F00B7CD3C /* Date-Conversion.swift in Sources */,
				8866D6D4255D376F00B7CD3C /* LFButton.m in Sources */,
				881EE14425524B9F0026F32D /* LFFilterFilterMenuView.swift in Sources */,
				8866D6D2255D376F00B7CD3C /* UIFont-Extension.swift in Sources */,
				881EE1AA255785E00026F32D /* LFSwipedCollectionViewCell.swift in Sources */,
				8866D6DF255E770300B7CD3C /* LFFilterFilterAllDataView.swift in Sources */,
				8866D6D0255D376F00B7CD3C /* UILabel-Extension.swift in Sources */,
				881EE10825524B820026F32D /* AppDelegate.swift in Sources */,
				881EE14925524BC30026F32D /* LFFilterSortTitleCell.swift in Sources */,
				8866D6DA255D47C100B7CD3C /* LFFilterSideListCell.swift in Sources */,
				8866D6D1255D376F00B7CD3C /* UIColor-Extension.swift in Sources */,
				8866D6C1255D376700B7CD3C /* AppConstants.swift in Sources */,
				8866D6C2255D376700B7CD3C /* Theme.swift in Sources */,
				881EE1652552A3850026F32D /* LFFilterDropCollectionCell.swift in Sources */,
				881EE160255263AD0026F32D /* LFFilterFilterDataModel.swift in Sources */,
			);
			runOnlyForDeploymentPostprocessing = 0;
		};
		881EE11625524B850026F32D /* Sources */ = {
			isa = PBXSourcesBuildPhase;
			buildActionMask = 2147483647;
			files = (
				881EE11F25524B850026F32D /* FilterTestDemoTests.swift in Sources */,
			);
			runOnlyForDeploymentPostprocessing = 0;
		};
		881EE12125524B850026F32D /* Sources */ = {
			isa = PBXSourcesBuildPhase;
			buildActionMask = 2147483647;
			files = (
				881EE12A25524B850026F32D /* FilterTestDemoUITests.swift in Sources */,
			);
			runOnlyForDeploymentPostprocessing = 0;
		};
/* End PBXSourcesBuildPhase section */

/* Begin PBXTargetDependency section */
		881EE11C25524B850026F32D /* PBXTargetDependency */ = {
			isa = PBXTargetDependency;
			target = 881EE10325524B820026F32D /* FilterTestDemo */;
			targetProxy = 881EE11B25524B850026F32D /* PBXContainerItemProxy */;
		};
		881EE12725524B850026F32D /* PBXTargetDependency */ = {
			isa = PBXTargetDependency;
			target = 881EE10325524B820026F32D /* FilterTestDemo */;
			targetProxy = 881EE12625524B850026F32D /* PBXContainerItemProxy */;
		};
/* End PBXTargetDependency section */

/* Begin PBXVariantGroup section */
		881EE10D25524B820026F32D /* Main.storyboard */ = {
			isa = PBXVariantGroup;
			children = (
				881EE10E25524B820026F32D /* Base */,
			);
			name = Main.storyboard;
			sourceTree = "<group>";
		};
		881EE11225524B840026F32D /* LaunchScreen.storyboard */ = {
			isa = PBXVariantGroup;
			children = (
				881EE11325524B840026F32D /* Base */,
			);
			name = LaunchScreen.storyboard;
			sourceTree = "<group>";
		};
/* End PBXVariantGroup section */

/* Begin XCBuildConfiguration section */
		881EE12C25524B850026F32D /* Debug */ = {
			isa = XCBuildConfiguration;
			buildSettings = {
				ALWAYS_SEARCH_USER_PATHS = NO;
				CLANG_ANALYZER_NONNULL = YES;
				CLANG_ANALYZER_NUMBER_OBJECT_CONVERSION = YES_AGGRESSIVE;
				CLANG_CXX_LANGUAGE_STANDARD = "gnu++14";
				CLANG_CXX_LIBRARY = "libc++";
				CLANG_ENABLE_MODULES = YES;
				CLANG_ENABLE_OBJC_ARC = YES;
				CLANG_ENABLE_OBJC_WEAK = YES;
				CLANG_WARN_BLOCK_CAPTURE_AUTORELEASING = YES;
				CLANG_WARN_BOOL_CONVERSION = YES;
				CLANG_WARN_COMMA = YES;
				CLANG_WARN_CONSTANT_CONVERSION = YES;
				CLANG_WARN_DEPRECATED_OBJC_IMPLEMENTATIONS = YES;
				CLANG_WARN_DIRECT_OBJC_ISA_USAGE = YES_ERROR;
				CLANG_WARN_DOCUMENTATION_COMMENTS = YES;
				CLANG_WARN_EMPTY_BODY = YES;
				CLANG_WARN_ENUM_CONVERSION = YES;
				CLANG_WARN_INFINITE_RECURSION = YES;
				CLANG_WARN_INT_CONVERSION = YES;
				CLANG_WARN_NON_LITERAL_NULL_CONVERSION = YES;
				CLANG_WARN_OBJC_IMPLICIT_RETAIN_SELF = YES;
				CLANG_WARN_OBJC_LITERAL_CONVERSION = YES;
				CLANG_WARN_OBJC_ROOT_CLASS = YES_ERROR;
				CLANG_WARN_QUOTED_INCLUDE_IN_FRAMEWORK_HEADER = YES;
				CLANG_WARN_RANGE_LOOP_ANALYSIS = YES;
				CLANG_WARN_STRICT_PROTOTYPES = YES;
				CLANG_WARN_SUSPICIOUS_MOVE = YES;
				CLANG_WARN_UNGUARDED_AVAILABILITY = YES_AGGRESSIVE;
				CLANG_WARN_UNREACHABLE_CODE = YES;
				CLANG_WARN__DUPLICATE_METHOD_MATCH = YES;
				COPY_PHASE_STRIP = NO;
				DEBUG_INFORMATION_FORMAT = dwarf;
				ENABLE_STRICT_OBJC_MSGSEND = YES;
				ENABLE_TESTABILITY = YES;
				GCC_C_LANGUAGE_STANDARD = gnu11;
				GCC_DYNAMIC_NO_PIC = NO;
				GCC_NO_COMMON_BLOCKS = YES;
				GCC_OPTIMIZATION_LEVEL = 0;
				GCC_PREPROCESSOR_DEFINITIONS = (
					"DEBUG=1",
					"$(inherited)",
				);
				GCC_WARN_64_TO_32_BIT_CONVERSION = YES;
				GCC_WARN_ABOUT_RETURN_TYPE = YES_ERROR;
				GCC_WARN_UNDECLARED_SELECTOR = YES;
				GCC_WARN_UNINITIALIZED_AUTOS = YES_AGGRESSIVE;
				GCC_WARN_UNUSED_FUNCTION = YES;
				GCC_WARN_UNUSED_VARIABLE = YES;
				IPHONEOS_DEPLOYMENT_TARGET = 14.0;
				MTL_ENABLE_DEBUG_INFO = INCLUDE_SOURCE;
				MTL_FAST_MATH = YES;
				ONLY_ACTIVE_ARCH = YES;
				SDKROOT = iphoneos;
				SWIFT_ACTIVE_COMPILATION_CONDITIONS = DEBUG;
				SWIFT_OPTIMIZATION_LEVEL = "-Onone";
			};
			name = Debug;
		};
		881EE12D25524B850026F32D /* Release */ = {
			isa = XCBuildConfiguration;
			buildSettings = {
				ALWAYS_SEARCH_USER_PATHS = NO;
				CLANG_ANALYZER_NONNULL = YES;
				CLANG_ANALYZER_NUMBER_OBJECT_CONVERSION = YES_AGGRESSIVE;
				CLANG_CXX_LANGUAGE_STANDARD = "gnu++14";
				CLANG_CXX_LIBRARY = "libc++";
				CLANG_ENABLE_MODULES = YES;
				CLANG_ENABLE_OBJC_ARC = YES;
				CLANG_ENABLE_OBJC_WEAK = YES;
				CLANG_WARN_BLOCK_CAPTURE_AUTORELEASING = YES;
				CLANG_WARN_BOOL_CONVERSION = YES;
				CLANG_WARN_COMMA = YES;
				CLANG_WARN_CONSTANT_CONVERSION = YES;
				CLANG_WARN_DEPRECATED_OBJC_IMPLEMENTATIONS = YES;
				CLANG_WARN_DIRECT_OBJC_ISA_USAGE = YES_ERROR;
				CLANG_WARN_DOCUMENTATION_COMMENTS = YES;
				CLANG_WARN_EMPTY_BODY = YES;
				CLANG_WARN_ENUM_CONVERSION = YES;
				CLANG_WARN_INFINITE_RECURSION = YES;
				CLANG_WARN_INT_CONVERSION = YES;
				CLANG_WARN_NON_LITERAL_NULL_CONVERSION = YES;
				CLANG_WARN_OBJC_IMPLICIT_RETAIN_SELF = YES;
				CLANG_WARN_OBJC_LITERAL_CONVERSION = YES;
				CLANG_WARN_OBJC_ROOT_CLASS = YES_ERROR;
				CLANG_WARN_QUOTED_INCLUDE_IN_FRAMEWORK_HEADER = YES;
				CLANG_WARN_RANGE_LOOP_ANALYSIS = YES;
				CLANG_WARN_STRICT_PROTOTYPES = YES;
				CLANG_WARN_SUSPICIOUS_MOVE = YES;
				CLANG_WARN_UNGUARDED_AVAILABILITY = YES_AGGRESSIVE;
				CLANG_WARN_UNREACHABLE_CODE = YES;
				CLANG_WARN__DUPLICATE_METHOD_MATCH = YES;
				COPY_PHASE_STRIP = NO;
				DEBUG_INFORMATION_FORMAT = "dwarf-with-dsym";
				ENABLE_NS_ASSERTIONS = NO;
				ENABLE_STRICT_OBJC_MSGSEND = YES;
				GCC_C_LANGUAGE_STANDARD = gnu11;
				GCC_NO_COMMON_BLOCKS = YES;
				GCC_WARN_64_TO_32_BIT_CONVERSION = YES;
				GCC_WARN_ABOUT_RETURN_TYPE = YES_ERROR;
				GCC_WARN_UNDECLARED_SELECTOR = YES;
				GCC_WARN_UNINITIALIZED_AUTOS = YES_AGGRESSIVE;
				GCC_WARN_UNUSED_FUNCTION = YES;
				GCC_WARN_UNUSED_VARIABLE = YES;
				IPHONEOS_DEPLOYMENT_TARGET = 14.0;
				MTL_ENABLE_DEBUG_INFO = NO;
				MTL_FAST_MATH = YES;
				SDKROOT = iphoneos;
				SWIFT_COMPILATION_MODE = wholemodule;
				SWIFT_OPTIMIZATION_LEVEL = "-O";
				VALIDATE_PRODUCT = YES;
			};
			name = Release;
		};
		881EE12F25524B850026F32D /* Debug */ = {
			isa = XCBuildConfiguration;
			baseConfigurationReference = B3D2139C8EE26EA98649FFB4 /* Pods-FilterTestDemo.debug.xcconfig */;
			buildSettings = {
				ASSETCATALOG_COMPILER_APPICON_NAME = AppIcon;
				ASSETCATALOG_COMPILER_GLOBAL_ACCENT_COLOR_NAME = AccentColor;
				CODE_SIGN_STYLE = Automatic;
				INFOPLIST_FILE = FilterTestDemo/Info.plist;
				IPHONEOS_DEPLOYMENT_TARGET = 12.0;
				LD_RUNPATH_SEARCH_PATHS = (
					"$(inherited)",
					"@executable_path/Frameworks",
				);
				PRODUCT_BUNDLE_IDENTIFIER = LF.FilterTestDemo;
				PRODUCT_NAME = "$(TARGET_NAME)";
				SWIFT_VERSION = 5.0;
				TARGETED_DEVICE_FAMILY = "1,2";
			};
			name = Debug;
		};
		881EE13025524B850026F32D /* Release */ = {
			isa = XCBuildConfiguration;
			baseConfigurationReference = 45D9DE1997ACAAC812A063A6 /* Pods-FilterTestDemo.release.xcconfig */;
			buildSettings = {
				ASSETCATALOG_COMPILER_APPICON_NAME = AppIcon;
				ASSETCATALOG_COMPILER_GLOBAL_ACCENT_COLOR_NAME = AccentColor;
				CODE_SIGN_STYLE = Automatic;
				INFOPLIST_FILE = FilterTestDemo/Info.plist;
				IPHONEOS_DEPLOYMENT_TARGET = 12.0;
				LD_RUNPATH_SEARCH_PATHS = (
					"$(inherited)",
					"@executable_path/Frameworks",
				);
				PRODUCT_BUNDLE_IDENTIFIER = LF.FilterTestDemo;
				PRODUCT_NAME = "$(TARGET_NAME)";
				SWIFT_VERSION = 5.0;
				TARGETED_DEVICE_FAMILY = "1,2";
			};
			name = Release;
		};
		881EE13225524B850026F32D /* Debug */ = {
			isa = XCBuildConfiguration;
			baseConfigurationReference = 0837B4F229CA06FE26AE4948 /* Pods-FilterTestDemoTests.debug.xcconfig */;
			buildSettings = {
				ALWAYS_EMBED_SWIFT_STANDARD_LIBRARIES = YES;
				BUNDLE_LOADER = "$(TEST_HOST)";
				CODE_SIGN_STYLE = Automatic;
				INFOPLIST_FILE = FilterTestDemoTests/Info.plist;
				IPHONEOS_DEPLOYMENT_TARGET = 14.0;
				LD_RUNPATH_SEARCH_PATHS = (
					"$(inherited)",
					"@executable_path/Frameworks",
					"@loader_path/Frameworks",
				);
				PRODUCT_BUNDLE_IDENTIFIER = LF.FilterTestDemoTests;
				PRODUCT_NAME = "$(TARGET_NAME)";
				SWIFT_VERSION = 5.0;
				TARGETED_DEVICE_FAMILY = "1,2";
				TEST_HOST = "$(BUILT_PRODUCTS_DIR)/FilterTestDemo.app/FilterTestDemo";
			};
			name = Debug;
		};
		881EE13325524B850026F32D /* Release */ = {
			isa = XCBuildConfiguration;
			baseConfigurationReference = 80BCCA028A167AEFFC371933 /* Pods-FilterTestDemoTests.release.xcconfig */;
			buildSettings = {
				ALWAYS_EMBED_SWIFT_STANDARD_LIBRARIES = YES;
				BUNDLE_LOADER = "$(TEST_HOST)";
				CODE_SIGN_STYLE = Automatic;
				INFOPLIST_FILE = FilterTestDemoTests/Info.plist;
				IPHONEOS_DEPLOYMENT_TARGET = 14.0;
				LD_RUNPATH_SEARCH_PATHS = (
					"$(inherited)",
					"@executable_path/Frameworks",
					"@loader_path/Frameworks",
				);
				PRODUCT_BUNDLE_IDENTIFIER = LF.FilterTestDemoTests;
				PRODUCT_NAME = "$(TARGET_NAME)";
				SWIFT_VERSION = 5.0;
				TARGETED_DEVICE_FAMILY = "1,2";
				TEST_HOST = "$(BUILT_PRODUCTS_DIR)/FilterTestDemo.app/FilterTestDemo";
			};
			name = Release;
		};
		881EE13525524B850026F32D /* Debug */ = {
			isa = XCBuildConfiguration;
			baseConfigurationReference = F7C9C3AE24EE0F1812EA0BBB /* Pods-FilterTestDemo-FilterTestDemoUITests.debug.xcconfig */;
			buildSettings = {
				ALWAYS_EMBED_SWIFT_STANDARD_LIBRARIES = YES;
				CODE_SIGN_STYLE = Automatic;
				INFOPLIST_FILE = FilterTestDemoUITests/Info.plist;
				LD_RUNPATH_SEARCH_PATHS = (
					"$(inherited)",
					"@executable_path/Frameworks",
					"@loader_path/Frameworks",
				);
				PRODUCT_BUNDLE_IDENTIFIER = LF.FilterTestDemoUITests;
				PRODUCT_NAME = "$(TARGET_NAME)";
				SWIFT_VERSION = 5.0;
				TARGETED_DEVICE_FAMILY = "1,2";
				TEST_TARGET_NAME = FilterTestDemo;
			};
			name = Debug;
		};
		881EE13625524B850026F32D /* Release */ = {
			isa = XCBuildConfiguration;
			baseConfigurationReference = C49F62CF465BF1F2B6A29876 /* Pods-FilterTestDemo-FilterTestDemoUITests.release.xcconfig */;
			buildSettings = {
				ALWAYS_EMBED_SWIFT_STANDARD_LIBRARIES = YES;
				CODE_SIGN_STYLE = Automatic;
				INFOPLIST_FILE = FilterTestDemoUITests/Info.plist;
				LD_RUNPATH_SEARCH_PATHS = (
					"$(inherited)",
					"@executable_path/Frameworks",
					"@loader_path/Frameworks",
				);
				PRODUCT_BUNDLE_IDENTIFIER = LF.FilterTestDemoUITests;
				PRODUCT_NAME = "$(TARGET_NAME)";
				SWIFT_VERSION = 5.0;
				TARGETED_DEVICE_FAMILY = "1,2";
				TEST_TARGET_NAME = FilterTestDemo;
			};
			name = Release;
		};
/* End XCBuildConfiguration section */

/* Begin XCConfigurationList section */
		881EE0FF25524B820026F32D /* Build configuration list for PBXProject "FilterTestDemo" */ = {
			isa = XCConfigurationList;
			buildConfigurations = (
				881EE12C25524B850026F32D /* Debug */,
				881EE12D25524B850026F32D /* Release */,
			);
			defaultConfigurationIsVisible = 0;
			defaultConfigurationName = Release;
		};
		881EE12E25524B850026F32D /* Build configuration list for PBXNativeTarget "FilterTestDemo" */ = {
			isa = XCConfigurationList;
			buildConfigurations = (
				881EE12F25524B850026F32D /* Debug */,
				881EE13025524B850026F32D /* Release */,
			);
			defaultConfigurationIsVisible = 0;
			defaultConfigurationName = Release;
		};
		881EE13125524B850026F32D /* Build configuration list for PBXNativeTarget "FilterTestDemoTests" */ = {
			isa = XCConfigurationList;
			buildConfigurations = (
				881EE13225524B850026F32D /* Debug */,
				881EE13325524B850026F32D /* Release */,
			);
			defaultConfigurationIsVisible = 0;
			defaultConfigurationName = Release;
		};
		881EE13425524B850026F32D /* Build configuration list for PBXNativeTarget "FilterTestDemoUITests" */ = {
			isa = XCConfigurationList;
			buildConfigurations = (
				881EE13525524B850026F32D /* Debug */,
				881EE13625524B850026F32D /* Release */,
			);
			defaultConfigurationIsVisible = 0;
			defaultConfigurationName = Release;
		};
/* End XCConfigurationList section */
	};
	rootObject = 881EE0FC25524B820026F32D /* Project object */;
}
